// !$*UTF8*$!
{
	archiveVersion = 1;
	classes = {
	};
	objectVersion = 56;
	objects = {

/* Begin PBXBuildFile section */
		0EFAE790299099EC00F816B8 /* AppDelegate.swift in Sources */ = {isa = PBXBuildFile; fileRef = 0EFAE78F299099EC00F816B8 /* AppDelegate.swift */; };
		0EFAE792299099EC00F816B8 /* SceneDelegate.swift in Sources */ = {isa = PBXBuildFile; fileRef = 0EFAE791299099EC00F816B8 /* SceneDelegate.swift */; };
		0EFAE794299099EC00F816B8 /* ViewController.swift in Sources */ = {isa = PBXBuildFile; fileRef = 0EFAE793299099EC00F816B8 /* ViewController.swift */; };
		0EFAE797299099EC00F816B8 /* Main.storyboard in Resources */ = {isa = PBXBuildFile; fileRef = 0EFAE795299099EC00F816B8 /* Main.storyboard */; };
		0EFAE799299099EE00F816B8 /* Assets.xcassets in Resources */ = {isa = PBXBuildFile; fileRef = 0EFAE798299099EE00F816B8 /* Assets.xcassets */; };
		0EFAE79C299099EE00F816B8 /* LaunchScreen.storyboard in Resources */ = {isa = PBXBuildFile; fileRef = 0EFAE79A299099EE00F816B8 /* LaunchScreen.storyboard */; };
		0EFAE7A7299099EE00F816B8 /* Project_2Tests.swift in Sources */ = {isa = PBXBuildFile; fileRef = 0EFAE7A6299099EE00F816B8 /* Project_2Tests.swift */; };
		0EFAE7B1299099EE00F816B8 /* Project_2UITests.swift in Sources */ = {isa = PBXBuildFile; fileRef = 0EFAE7B0299099EE00F816B8 /* Project_2UITests.swift */; };
		0EFAE7B3299099EE00F816B8 /* Project_2UITestsLaunchTests.swift in Sources */ = {isa = PBXBuildFile; fileRef = 0EFAE7B2299099EE00F816B8 /* Project_2UITestsLaunchTests.swift */; };
/* End PBXBuildFile section */

/* Begin PBXContainerItemProxy section */
		0EFAE7A3299099EE00F816B8 /* PBXContainerItemProxy */ = {
			isa = PBXContainerItemProxy;
			containerPortal = 0EFAE784299099EC00F816B8 /* Project object */;
			proxyType = 1;
			remoteGlobalIDString = 0EFAE78B299099EC00F816B8;
			remoteInfo = "Project-2";
		};
		0EFAE7AD299099EE00F816B8 /* PBXContainerItemProxy */ = {
			isa = PBXContainerItemProxy;
			containerPortal = 0EFAE784299099EC00F816B8 /* Project object */;
			proxyType = 1;
			remoteGlobalIDString = 0EFAE78B299099EC00F816B8;
			remoteInfo = "Project-2";
		};
/* End PBXContainerItemProxy section */

/* Begin PBXFileReference section */
		0EFAE78C299099EC00F816B8 /* Project-2.app */ = {isa = PBXFileReference; explicitFileType = wrapper.application; includeInIndex = 0; path = "Project-2.app"; sourceTree = BUILT_PRODUCTS_DIR; };
		0EFAE78F299099EC00F816B8 /* AppDelegate.swift */ = {isa = PBXFileReference; lastKnownFileType = sourcecode.swift; path = AppDelegate.swift; sourceTree = "<group>"; };
		0EFAE791299099EC00F816B8 /* SceneDelegate.swift */ = {isa = PBXFileReference; lastKnownFileType = sourcecode.swift; path = SceneDelegate.swift; sourceTree = "<group>"; };
		0EFAE793299099EC00F816B8 /* ViewController.swift */ = {isa = PBXFileReference; lastKnownFileType = sourcecode.swift; path = ViewController.swift; sourceTree = "<group>"; };
		0EFAE796299099EC00F816B8 /* Base */ = {isa = PBXFileReference; lastKnownFileType = file.storyboard; name = Base; path = Base.lproj/Main.storyboard; sourceTree = "<group>"; };
		0EFAE798299099EE00F816B8 /* Assets.xcassets */ = {isa = PBXFileReference; lastKnownFileType = folder.assetcatalog; path = Assets.xcassets; sourceTree = "<group>"; };
		0EFAE79B299099EE00F816B8 /* Base */ = {isa = PBXFileReference; lastKnownFileType = file.storyboard; name = Base; path = Base.lproj/LaunchScreen.storyboard; sourceTree = "<group>"; };
		0EFAE79D299099EE00F816B8 /* Info.plist */ = {isa = PBXFileReference; lastKnownFileType = text.plist.xml; path = Info.plist; sourceTree = "<group>"; };
		0EFAE7A2299099EE00F816B8 /* Project-2Tests.xctest */ = {isa = PBXFileReference; explicitFileType = wrapper.cfbundle; includeInIndex = 0; path = "Project-2Tests.xctest"; sourceTree = BUILT_PRODUCTS_DIR; };
		0EFAE7A6299099EE00F816B8 /* Project_2Tests.swift */ = {isa = PBXFileReference; lastKnownFileType = sourcecode.swift; path = Project_2Tests.swift; sourceTree = "<group>"; };
		0EFAE7AC299099EE00F816B8 /* Project-2UITests.xctest */ = {isa = PBXFileReference; explicitFileType = wrapper.cfbundle; includeInIndex = 0; path = "Project-2UITests.xctest"; sourceTree = BUILT_PRODUCTS_DIR; };
		0EFAE7B0299099EE00F816B8 /* Project_2UITests.swift */ = {isa = PBXFileReference; lastKnownFileType = sourcecode.swift; path = Project_2UITests.swift; sourceTree = "<group>"; };
		0EFAE7B2299099EE00F816B8 /* Project_2UITestsLaunchTests.swift */ = {isa = PBXFileReference; lastKnownFileType = sourcecode.swift; path = Project_2UITestsLaunchTests.swift; sourceTree = "<group>"; };
/* End PBXFileReference section */

/* Begin PBXFrameworksBuildPhase section */
		0EFAE789299099EC00F816B8 /* Frameworks */ = {
			isa = PBXFrameworksBuildPhase;
			buildActionMask = 2147483647;
			files = (
			);
			runOnlyForDeploymentPostprocessing = 0;
		};
		0EFAE79F299099EE00F816B8 /* Frameworks */ = {
			isa = PBXFrameworksBuildPhase;
			buildActionMask = 2147483647;
			files = (
			);
			runOnlyForDeploymentPostprocessing = 0;
		};
		0EFAE7A9299099EE00F816B8 /* Frameworks */ = {
			isa = PBXFrameworksBuildPhase;
			buildActionMask = 2147483647;
			files = (
			);
			runOnlyForDeploymentPostprocessing = 0;
		};
/* End PBXFrameworksBuildPhase section */

/* Begin PBXGroup section */
		0EFAE783299099EC00F816B8 = {
			isa = PBXGroup;
			children = (
				0EFAE78E299099EC00F816B8 /* Project-2 */,
				0EFAE7A5299099EE00F816B8 /* Project-2Tests */,
				0EFAE7AF299099EE00F816B8 /* Project-2UITests */,
				0EFAE78D299099EC00F816B8 /* Products */,
			);
			sourceTree = "<group>";
		};
		0EFAE78D299099EC00F816B8 /* Products */ = {
			isa = PBXGroup;
			children = (
				0EFAE78C299099EC00F816B8 /* Project-2.app */,
				0EFAE7A2299099EE00F816B8 /* Project-2Tests.xctest */,
				0EFAE7AC299099EE00F816B8 /* Project-2UITests.xctest */,
			);
			name = Products;
			sourceTree = "<group>";
		};
		0EFAE78E299099EC00F816B8 /* Project-2 */ = {
			isa = PBXGroup;
			children = (
				0EFAE78F299099EC00F816B8 /* AppDelegate.swift */,
				0EFAE791299099EC00F816B8 /* SceneDelegate.swift */,
				0EFAE793299099EC00F816B8 /* ViewController.swift */,
				0EFAE795299099EC00F816B8 /* Main.storyboard */,
				0EFAE798299099EE00F816B8 /* Assets.xcassets */,
				0EFAE79A299099EE00F816B8 /* LaunchScreen.storyboard */,
				0EFAE79D299099EE00F816B8 /* Info.plist */,
			);
			path = "Project-2";
			sourceTree = "<group>";
		};
		0EFAE7A5299099EE00F816B8 /* Project-2Tests */ = {
			isa = PBXGroup;
			children = (
				0EFAE7A6299099EE00F816B8 /* Project_2Tests.swift */,
			);
			path = "Project-2Tests";
			sourceTree = "<group>";
		};
		0EFAE7AF299099EE00F816B8 /* Project-2UITests */ = {
			isa = PBXGroup;
			children = (
				0EFAE7B0299099EE00F816B8 /* Project_2UITests.swift */,
				0EFAE7B2299099EE00F816B8 /* Project_2UITestsLaunchTests.swift */,
			);
			path = "Project-2UITests";
			sourceTree = "<group>";
		};
/* End PBXGroup section */

/* Begin PBXNativeTarget section */
		0EFAE78B299099EC00F816B8 /* Project-2 */ = {
			isa = PBXNativeTarget;
			buildConfigurationList = 0EFAE7B6299099EE00F816B8 /* Build configuration list for PBXNativeTarget "Project-2" */;
			buildPhases = (
				0EFAE788299099EC00F816B8 /* Sources */,
				0EFAE789299099EC00F816B8 /* Frameworks */,
				0EFAE78A299099EC00F816B8 /* Resources */,
			);
			buildRules = (
			);
			dependencies = (
			);
			name = "Project-2";
			productName = "Project-2";
			productReference = 0EFAE78C299099EC00F816B8 /* Project-2.app */;
			productType = "com.apple.product-type.application";
		};
		0EFAE7A1299099EE00F816B8 /* Project-2Tests */ = {
			isa = PBXNativeTarget;
			buildConfigurationList = 0EFAE7B9299099EE00F816B8 /* Build configuration list for PBXNativeTarget "Project-2Tests" */;
			buildPhases = (
				0EFAE79E299099EE00F816B8 /* Sources */,
				0EFAE79F299099EE00F816B8 /* Frameworks */,
				0EFAE7A0299099EE00F816B8 /* Resources */,
			);
			buildRules = (
			);
			dependencies = (
				0EFAE7A4299099EE00F816B8 /* PBXTargetDependency */,
			);
			name = "Project-2Tests";
			productName = "Project-2Tests";
			productReference = 0EFAE7A2299099EE00F816B8 /* Project-2Tests.xctest */;
			productType = "com.apple.product-type.bundle.unit-test";
		};
		0EFAE7AB299099EE00F816B8 /* Project-2UITests */ = {
			isa = PBXNativeTarget;
			buildConfigurationList = 0EFAE7BC299099EE00F816B8 /* Build configuration list for PBXNativeTarget "Project-2UITests" */;
			buildPhases = (
				0EFAE7A8299099EE00F816B8 /* Sources */,
				0EFAE7A9299099EE00F816B8 /* Frameworks */,
				0EFAE7AA299099EE00F816B8 /* Resources */,
			);
			buildRules = (
			);
			dependencies = (
				0EFAE7AE299099EE00F816B8 /* PBXTargetDependency */,
			);
			name = "Project-2UITests";
			productName = "Project-2UITests";
			productReference = 0EFAE7AC299099EE00F816B8 /* Project-2UITests.xctest */;
			productType = "com.apple.product-type.bundle.ui-testing";
		};
/* End PBXNativeTarget section */

/* Begin PBXProject section */
		0EFAE784299099EC00F816B8 /* Project object */ = {
			isa = PBXProject;
			attributes = {
				BuildIndependentTargetsInParallel = 1;
				LastSwiftUpdateCheck = 1420;
				LastUpgradeCheck = 1420;
				TargetAttributes = {
					0EFAE78B299099EC00F816B8 = {
						CreatedOnToolsVersion = 14.2;
					};
					0EFAE7A1299099EE00F816B8 = {
						CreatedOnToolsVersion = 14.2;
						TestTargetID = 0EFAE78B299099EC00F816B8;
					};
					0EFAE7AB299099EE00F816B8 = {
						CreatedOnToolsVersion = 14.2;
						TestTargetID = 0EFAE78B299099EC00F816B8;
					};
				};
			};
			buildConfigurationList = 0EFAE787299099EC00F816B8 /* Build configuration list for PBXProject "Project-2" */;
			compatibilityVersion = "Xcode 14.0";
			developmentRegion = en;
			hasScannedForEncodings = 0;
			knownRegions = (
				en,
				Base,
			);
			mainGroup = 0EFAE783299099EC00F816B8;
			productRefGroup = 0EFAE78D299099EC00F816B8 /* Products */;
			projectDirPath = "";
			projectRoot = "";
			targets = (
				0EFAE78B299099EC00F816B8 /* Project-2 */,
				0EFAE7A1299099EE00F816B8 /* Project-2Tests */,
				0EFAE7AB299099EE00F816B8 /* Project-2UITests */,
			);
		};
/* End PBXProject section */

/* Begin PBXResourcesBuildPhase section */
		0EFAE78A299099EC00F816B8 /* Resources */ = {
			isa = PBXResourcesBuildPhase;
			buildActionMask = 2147483647;
			files = (
				0EFAE79C299099EE00F816B8 /* LaunchScreen.storyboard in Resources */,
				0EFAE799299099EE00F816B8 /* Assets.xcassets in Resources */,
				0EFAE797299099EC00F816B8 /* Main.storyboard in Resources */,
			);
			runOnlyForDeploymentPostprocessing = 0;
		};
		0EFAE7A0299099EE00F816B8 /* Resources */ = {
			isa = PBXResourcesBuildPhase;
			buildActionMask = 2147483647;
			files = (
			);
			runOnlyForDeploymentPostprocessing = 0;
		};
		0EFAE7AA299099EE00F816B8 /* Resources */ = {
			isa = PBXResourcesBuildPhase;
			buildActionMask = 2147483647;
			files = (
			);
			runOnlyForDeploymentPostprocessing = 0;
		};
/* End PBXResourcesBuildPhase section */

/* Begin PBXSourcesBuildPhase section */
		0EFAE788299099EC00F816B8 /* Sources */ = {
			isa = PBXSourcesBuildPhase;
			buildActionMask = 2147483647;
			files = (
				0EFAE794299099EC00F816B8 /* ViewController.swift in Sources */,
				0EFAE790299099EC00F816B8 /* AppDelegate.swift in Sources */,
				0EFAE792299099EC00F816B8 /* SceneDelegate.swift in Sources */,
			);
			runOnlyForDeploymentPostprocessing = 0;
		};
		0EFAE79E299099EE00F816B8 /* Sources */ = {
			isa = PBXSourcesBuildPhase;
			buildActionMask = 2147483647;
			files = (
				0EFAE7A7299099EE00F816B8 /* Project_2Tests.swift in Sources */,
			);
			runOnlyForDeploymentPostprocessing = 0;
		};
		0EFAE7A8299099EE00F816B8 /* Sources */ = {
			isa = PBXSourcesBuildPhase;
			buildActionMask = 2147483647;
			files = (
				0EFAE7B1299099EE00F816B8 /* Project_2UITests.swift in Sources */,
				0EFAE7B3299099EE00F816B8 /* Project_2UITestsLaunchTests.swift in Sources */,
			);
			runOnlyForDeploymentPostprocessing = 0;
		};
/* End PBXSourcesBuildPhase section */

/* Begin PBXTargetDependency section */
		0EFAE7A4299099EE00F816B8 /* PBXTargetDependency */ = {
			isa = PBXTargetDependency;
			target = 0EFAE78B299099EC00F816B8 /* Project-2 */;
			targetProxy = 0EFAE7A3299099EE00F816B8 /* PBXContainerItemProxy */;
		};
		0EFAE7AE299099EE00F816B8 /* PBXTargetDependency */ = {
			isa = PBXTargetDependency;
			target = 0EFAE78B299099EC00F816B8 /* Project-2 */;
			targetProxy = 0EFAE7AD299099EE00F816B8 /* PBXContainerItemProxy */;
		};
/* End PBXTargetDependency section */

/* Begin PBXVariantGroup section */
		0EFAE795299099EC00F816B8 /* Main.storyboard */ = {
			isa = PBXVariantGroup;
			children = (
				0EFAE796299099EC00F816B8 /* Base */,
			);
			name = Main.storyboard;
			sourceTree = "<group>";
		};
		0EFAE79A299099EE00F816B8 /* LaunchScreen.storyboard */ = {
			isa = PBXVariantGroup;
			children = (
				0EFAE79B299099EE00F816B8 /* Base */,
			);
			name = LaunchScreen.storyboard;
			sourceTree = "<group>";
		};
/* End PBXVariantGroup section */

/* Begin XCBuildConfiguration section */
		0EFAE7B4299099EE00F816B8 /* Debug */ = {
			isa = XCBuildConfiguration;
			buildSettings = {
				ALWAYS_SEARCH_USER_PATHS = NO;
				CLANG_ANALYZER_NONNULL = YES;
				CLANG_ANALYZER_NUMBER_OBJECT_CONVERSION = YES_AGGRESSIVE;
				CLANG_CXX_LANGUAGE_STANDARD = "gnu++20";
				CLANG_ENABLE_MODULES = YES;
				CLANG_ENABLE_OBJC_ARC = YES;
				CLANG_ENABLE_OBJC_WEAK = YES;
				CLANG_WARN_BLOCK_CAPTURE_AUTORELEASING = YES;
				CLANG_WARN_BOOL_CONVERSION = YES;
				CLANG_WARN_COMMA = YES;
				CLANG_WARN_CONSTANT_CONVERSION = YES;
				CLANG_WARN_DEPRECATED_OBJC_IMPLEMENTATIONS = YES;
				CLANG_WARN_DIRECT_OBJC_ISA_USAGE = YES_ERROR;
				CLANG_WARN_DOCUMENTATION_COMMENTS = YES;
				CLANG_WARN_EMPTY_BODY = YES;
				CLANG_WARN_ENUM_CONVERSION = YES;
				CLANG_WARN_INFINITE_RECURSION = YES;
				CLANG_WARN_INT_CONVERSION = YES;
				CLANG_WARN_NON_LITERAL_NULL_CONVERSION = YES;
				CLANG_WARN_OBJC_IMPLICIT_RETAIN_SELF = YES;
				CLANG_WARN_OBJC_LITERAL_CONVERSION = YES;
				CLANG_WARN_OBJC_ROOT_CLASS = YES_ERROR;
				CLANG_WARN_QUOTED_INCLUDE_IN_FRAMEWORK_HEADER = YES;
				CLANG_WARN_RANGE_LOOP_ANALYSIS = YES;
				CLANG_WARN_STRICT_PROTOTYPES = YES;
				CLANG_WARN_SUSPICIOUS_MOVE = YES;
				CLANG_WARN_UNGUARDED_AVAILABILITY = YES_AGGRESSIVE;
				CLANG_WARN_UNREACHABLE_CODE = YES;
				CLANG_WARN__DUPLICATE_METHOD_MATCH = YES;
				COPY_PHASE_STRIP = NO;
				DEBUG_INFORMATION_FORMAT = dwarf;
				ENABLE_STRICT_OBJC_MSGSEND = YES;
				ENABLE_TESTABILITY = YES;
				GCC_C_LANGUAGE_STANDARD = gnu11;
				GCC_DYNAMIC_NO_PIC = NO;
				GCC_NO_COMMON_BLOCKS = YES;
				GCC_OPTIMIZATION_LEVEL = 0;
				GCC_PREPROCESSOR_DEFINITIONS = (
					"DEBUG=1",
					"$(inherited)",
				);
				GCC_WARN_64_TO_32_BIT_CONVERSION = YES;
				GCC_WARN_ABOUT_RETURN_TYPE = YES_ERROR;
				GCC_WARN_UNDECLARED_SELECTOR = YES;
				GCC_WARN_UNINITIALIZED_AUTOS = YES_AGGRESSIVE;
				GCC_WARN_UNUSED_FUNCTION = YES;
				GCC_WARN_UNUSED_VARIABLE = YES;
				IPHONEOS_DEPLOYMENT_TARGET = 16.2;
				MTL_ENABLE_DEBUG_INFO = INCLUDE_SOURCE;
				MTL_FAST_MATH = YES;
				ONLY_ACTIVE_ARCH = YES;
				SDKROOT = iphoneos;
				SWIFT_ACTIVE_COMPILATION_CONDITIONS = DEBUG;
				SWIFT_OPTIMIZATION_LEVEL = "-Onone";
			};
			name = Debug;
		};
		0EFAE7B5299099EE00F816B8 /* Release */ = {
			isa = XCBuildConfiguration;
			buildSettings = {
				ALWAYS_SEARCH_USER_PATHS = NO;
				CLANG_ANALYZER_NONNULL = YES;
				CLANG_ANALYZER_NUMBER_OBJECT_CONVERSION = YES_AGGRESSIVE;
				CLANG_CXX_LANGUAGE_STANDARD = "gnu++20";
				CLANG_ENABLE_MODULES = YES;
				CLANG_ENABLE_OBJC_ARC = YES;
				CLANG_ENABLE_OBJC_WEAK = YES;
				CLANG_WARN_BLOCK_CAPTURE_AUTORELEASING = YES;
				CLANG_WARN_BOOL_CONVERSION = YES;
				CLANG_WARN_COMMA = YES;
				CLANG_WARN_CONSTANT_CONVERSION = YES;
				CLANG_WARN_DEPRECATED_OBJC_IMPLEMENTATIONS = YES;
				CLANG_WARN_DIRECT_OBJC_ISA_USAGE = YES_ERROR;
				CLANG_WARN_DOCUMENTATION_COMMENTS = YES;
				CLANG_WARN_EMPTY_BODY = YES;
				CLANG_WARN_ENUM_CONVERSION = YES;
				CLANG_WARN_INFINITE_RECURSION = YES;
				CLANG_WARN_INT_CONVERSION = YES;
				CLANG_WARN_NON_LITERAL_NULL_CONVERSION = YES;
				CLANG_WARN_OBJC_IMPLICIT_RETAIN_SELF = YES;
				CLANG_WARN_OBJC_LITERAL_CONVERSION = YES;
				CLANG_WARN_OBJC_ROOT_CLASS = YES_ERROR;
				CLANG_WARN_QUOTED_INCLUDE_IN_FRAMEWORK_HEADER = YES;
				CLANG_WARN_RANGE_LOOP_ANALYSIS = YES;
				CLANG_WARN_STRICT_PROTOTYPES = YES;
				CLANG_WARN_SUSPICIOUS_MOVE = YES;
				CLANG_WARN_UNGUARDED_AVAILABILITY = YES_AGGRESSIVE;
				CLANG_WARN_UNREACHABLE_CODE = YES;
				CLANG_WARN__DUPLICATE_METHOD_MATCH = YES;
				COPY_PHASE_STRIP = NO;
				DEBUG_INFORMATION_FORMAT = "dwarf-with-dsym";
				ENABLE_NS_ASSERTIONS = NO;
				ENABLE_STRICT_OBJC_MSGSEND = YES;
				GCC_C_LANGUAGE_STANDARD = gnu11;
				GCC_NO_COMMON_BLOCKS = YES;
				GCC_WARN_64_TO_32_BIT_CONVERSION = YES;
				GCC_WARN_ABOUT_RETURN_TYPE = YES_ERROR;
				GCC_WARN_UNDECLARED_SELECTOR = YES;
				GCC_WARN_UNINITIALIZED_AUTOS = YES_AGGRESSIVE;
				GCC_WARN_UNUSED_FUNCTION = YES;
				GCC_WARN_UNUSED_VARIABLE = YES;
				IPHONEOS_DEPLOYMENT_TARGET = 16.2;
				MTL_ENABLE_DEBUG_INFO = NO;
				MTL_FAST_MATH = YES;
				SDKROOT = iphoneos;
				SWIFT_COMPILATION_MODE = wholemodule;
				SWIFT_OPTIMIZATION_LEVEL = "-O";
				VALIDATE_PRODUCT = YES;
			};
			name = Release;
		};
		0EFAE7B7299099EE00F816B8 /* Debug */ = {
			isa = XCBuildConfiguration;
			buildSettings = {
				ASSETCATALOG_COMPILER_APPICON_NAME = AppIcon;
				ASSETCATALOG_COMPILER_GLOBAL_ACCENT_COLOR_NAME = AccentColor;
				CODE_SIGN_STYLE = Automatic;
				CURRENT_PROJECT_VERSION = 1;
				GENERATE_INFOPLIST_FILE = YES;
				INFOPLIST_FILE = "Project-2/Info.plist";
				INFOPLIST_KEY_UIApplicationSupportsIndirectInputEvents = YES;
				INFOPLIST_KEY_UILaunchStoryboardName = LaunchScreen;
				INFOPLIST_KEY_UIMainStoryboardFile = Main;
				INFOPLIST_KEY_UISupportedInterfaceOrientations_iPad = "UIInterfaceOrientationPortrait UIInterfaceOrientationPortraitUpsideDown UIInterfaceOrientationLandscapeLeft UIInterfaceOrientationLandscapeRight";
				INFOPLIST_KEY_UISupportedInterfaceOrientations_iPhone = "UIInterfaceOrientationPortrait UIInterfaceOrientationLandscapeLeft UIInterfaceOrientationLandscapeRight";
				LD_RUNPATH_SEARCH_PATHS = (
					"$(inherited)",
					"@executable_path/Frameworks",
				);
				MARKETING_VERSION = 1.0;
				PRODUCT_BUNDLE_IDENTIFIER = "Project.Project-2";
				PRODUCT_NAME = "$(TARGET_NAME)";
				SWIFT_EMIT_LOC_STRINGS = YES;
				SWIFT_VERSION = 5.0;
				TARGETED_DEVICE_FAMILY = "1,2";
			};
			name = Debug;
		};
		0EFAE7B8299099EE00F816B8 /* Release */ = {
			isa = XCBuildConfiguration;
			buildSettings = {
				ASSETCATALOG_COMPILER_APPICON_NAME = AppIcon;
				ASSETCATALOG_COMPILER_GLOBAL_ACCENT_COLOR_NAME = AccentColor;
				CODE_SIGN_STYLE = Automatic;
				CURRENT_PROJECT_VERSION = 1;
				GENERATE_INFOPLIST_FILE = YES;
				INFOPLIST_FILE = "Project-2/Info.plist";
				INFOPLIST_KEY_UIApplicationSupportsIndirectInputEvents = YES;
				INFOPLIST_KEY_UILaunchStoryboardName = LaunchScreen;
				INFOPLIST_KEY_UIMainStoryboardFile = Main;
				INFOPLIST_KEY_UISupportedInterfaceOrientations_iPad = "UIInterfaceOrientationPortrait UIInterfaceOrientationPortraitUpsideDown UIInterfaceOrientationLandscapeLeft UIInterfaceOrientationLandscapeRight";
				INFOPLIST_KEY_UISupportedInterfaceOrientations_iPhone = "UIInterfaceOrientationPortrait UIInterfaceOrientationLandscapeLeft UIInterfaceOrientationLandscapeRight";
				LD_RUNPATH_SEARCH_PATHS = (
					"$(inherited)",
					"@executable_path/Frameworks",
				);
				MARKETING_VERSION = 1.0;
				PRODUCT_BUNDLE_IDENTIFIER = "Project.Project-2";
				PRODUCT_NAME = "$(TARGET_NAME)";
				SWIFT_EMIT_LOC_STRINGS = YES;
				SWIFT_VERSION = 5.0;
				TARGETED_DEVICE_FAMILY = "1,2";
			};
			name = Release;
		};
		0EFAE7BA299099EE00F816B8 /* Debug */ = {
			isa = XCBuildConfiguration;
			buildSettings = {
				ALWAYS_EMBED_SWIFT_STANDARD_LIBRARIES = YES;
				BUNDLE_LOADER = "$(TEST_HOST)";
				CODE_SIGN_STYLE = Automatic;
				CURRENT_PROJECT_VERSION = 1;
				GENERATE_INFOPLIST_FILE = YES;
				IPHONEOS_DEPLOYMENT_TARGET = 16.2;
				MARKETING_VERSION = 1.0;
				PRODUCT_BUNDLE_IDENTIFIER = "Project.Project-2Tests";
				PRODUCT_NAME = "$(TARGET_NAME)";
				SWIFT_EMIT_LOC_STRINGS = NO;
				SWIFT_VERSION = 5.0;
				TARGETED_DEVICE_FAMILY = "1,2";
				TEST_HOST = "$(BUILT_PRODUCTS_DIR)/Project-2.app/$(BUNDLE_EXECUTABLE_FOLDER_PATH)/Project-2";
			};
			name = Debug;
		};
		0EFAE7BB299099EE00F816B8 /* Release */ = {
			isa = XCBuildConfiguration;
			buildSettings = {
				ALWAYS_EMBED_SWIFT_STANDARD_LIBRARIES = YES;
				BUNDLE_LOADER = "$(TEST_HOST)";
				CODE_SIGN_STYLE = Automatic;
				CURRENT_PROJECT_VERSION = 1;
				GENERATE_INFOPLIST_FILE = YES;
				IPHONEOS_DEPLOYMENT_TARGET = 16.2;
				MARKETING_VERSION = 1.0;
				PRODUCT_BUNDLE_IDENTIFIER = "Project.Project-2Tests";
				PRODUCT_NAME = "$(TARGET_NAME)";
				SWIFT_EMIT_LOC_STRINGS = NO;
				SWIFT_VERSION = 5.0;
				TARGETED_DEVICE_FAMILY = "1,2";
				TEST_HOST = "$(BUILT_PRODUCTS_DIR)/Project-2.app/$(BUNDLE_EXECUTABLE_FOLDER_PATH)/Project-2";
			};
			name = Release;
		};
		0EFAE7BD299099EE00F816B8 /* Debug */ = {
			isa = XCBuildConfiguration;
			buildSettings = {
				ALWAYS_EMBED_SWIFT_STANDARD_LIBRARIES = YES;
				CODE_SIGN_STYLE = Automatic;
				CURRENT_PROJECT_VERSION = 1;
				GENERATE_INFOPLIST_FILE = YES;
				MARKETING_VERSION = 1.0;
				PRODUCT_BUNDLE_IDENTIFIER = "Project.Project-2UITests";
				PRODUCT_NAME = "$(TARGET_NAME)";
				SWIFT_EMIT_LOC_STRINGS = NO;
				SWIFT_VERSION = 5.0;
				TARGETED_DEVICE_FAMILY = "1,2";
				TEST_TARGET_NAME = "Project-2";
			};
			name = Debug;
		};
		0EFAE7BE299099EE00F816B8 /* Release */ = {
			isa = XCBuildConfiguration;
			buildSettings = {
				ALWAYS_EMBED_SWIFT_STANDARD_LIBRARIES = YES;
				CODE_SIGN_STYLE = Automatic;
				CURRENT_PROJECT_VERSION = 1;
				GENERATE_INFOPLIST_FILE = YES;
				MARKETING_VERSION = 1.0;
				PRODUCT_BUNDLE_IDENTIFIER = "Project.Project-2UITests";
				PRODUCT_NAME = "$(TARGET_NAME)";
				SWIFT_EMIT_LOC_STRINGS = NO;
				SWIFT_VERSION = 5.0;
				TARGETED_DEVICE_FAMILY = "1,2";
				TEST_TARGET_NAME = "Project-2";
			};
			name = Release;
		};
/* End XCBuildConfiguration section */

/* Begin XCConfigurationList section */
		0EFAE787299099EC00F816B8 /* Build configuration list for PBXProject "Project-2" */ = {
			isa = XCConfigurationList;
			buildConfigurations = (
				0EFAE7B4299099EE00F816B8 /* Debug */,
				0EFAE7B5299099EE00F816B8 /* Release */,
			);
			defaultConfigurationIsVisible = 0;
			defaultConfigurationName = Release;
		};
		0EFAE7B6299099EE00F816B8 /* Build configuration list for PBXNativeTarget "Project-2" */ = {
			isa = XCConfigurationList;
			buildConfigurations = (
				0EFAE7B7299099EE00F816B8 /* Debug */,
				0EFAE7B8299099EE00F816B8 /* Release */,
			);
			defaultConfigurationIsVisible = 0;
			defaultConfigurationName = Release;
		};
		0EFAE7B9299099EE00F816B8 /* Build configuration list for PBXNativeTarget "Project-2Tests" */ = {
			isa = XCConfigurationList;
			buildConfigurations = (
				0EFAE7BA299099EE00F816B8 /* Debug */,
				0EFAE7BB299099EE00F816B8 /* Release */,
			);
			defaultConfigurationIsVisible = 0;
			defaultConfigurationName = Release;
		};
		0EFAE7BC299099EE00F816B8 /* Build configuration list for PBXNativeTarget "Project-2UITests" */ = {
			isa = XCConfigurationList;
			buildConfigurations = (
				0EFAE7BD299099EE00F816B8 /* Debug */,
				0EFAE7BE299099EE00F816B8 /* Release */,
			);
			defaultConfigurationIsVisible = 0;
			defaultConfigurationName = Release;
		};
/* End XCConfigurationList section */
	};
	rootObject = 0EFAE784299099EC00F816B8 /* Project object */;
}
